
Microsoft Visual Studio Solution File, Format Version 12.00
# Visual Studio 2013
VisualStudioVersion = 12.0.31101.0
MinimumVisualStudioVersion = 10.0.40219.1
Project("{FAE04EC0-301F-11D3-BF4B-00C04F79EFBC}") = "EmployeeManagerPrism", "EmployeeManagerPrism\EmployeeManagerPrism.csproj", "{99C9E82C-C594-446D-AA59-8FFBC43AD226}"
EndProject
Project("{FAE04EC0-301F-11D3-BF4B-00C04F79EFBC}") = "EmployeeManagerPrism.Core", "EmployeeManagerPrism.Core\EmployeeManagerPrism.Core.csproj", "{CF6432AB-92C0-46D8-813D-8B9399F87D1C}"
EndProject
Global
	GlobalSection(SolutionConfigurationPlatforms) = preSolution
		Debug|Any CPU = Debug|Any CPU
		Release|Any CPU = Release|Any CPU
	EndGlobalSection
	GlobalSection(ProjectConfigurationPlatforms) = postSolution
		{99C9E82C-C594-446D-AA59-8FFBC43AD226}.Debug|Any CPU.ActiveCfg = Debug|Any CPU
		{99C9E82C-C594-446D-AA59-8FFBC43AD226}.Debug|Any CPU.Build.0 = Debug|Any CPU
		{99C9E82C-C594-446D-AA59-8FFBC43AD226}.Release|Any CPU.ActiveCfg = Release|Any CPU
		{99C9E82C-C594-446D-AA59-8FFBC43AD226}.Release|Any CPU.Build.0 = Release|Any CPU
		{CF6432AB-92C0-46D8-813D-8B9399F87D1C}.Debug|Any CPU.ActiveCfg = Debug|Any CPU
		{CF6432AB-92C0-46D8-813D-8B9399F87D1C}.Debug|Any CPU.Build.0 = Debug|Any CPU
		{CF6432AB-92C0-46D8-813D-8B9399F87D1C}.Release|Any CPU.ActiveCfg = Release|Any CPU
		{CF6432AB-92C0-46D8-813D-8B9399F87D1C}.Release|Any CPU.Build.0 = Release|Any CPU
	EndGlobalSection
	GlobalSection(SolutionProperties) = preSolution
		HideSolutionNode = FALSE
	EndGlobalSection
EndGlobal
